{
  "name": "proyek-insinyur",
  "version": "1.0.0",
  "lockfileVersion": 3,
  "requires": true,
  "packages": {
    "": {
      "name": "proyek-insinyur",
      "version": "1.0.0",
      "license": "ISC",
      "dependencies": {
        "mtk-gampang": "file:../mtkgampang"
      }
    },
    "../mtkgampang": {
      "name": "mtk-gampang",
      "version": "1.0.0",
      "license": "ISC"
    },
    "node_modules/mtk-gampang": {
      "resolved": "../mtkgampang",
      "link": true
    }
  }
}
